
Microsoft Visual Studio Solution File, Format Version 12.00
# Visual Studio Version 17
VisualStudioVersion = 17.2.32630.192
MinimumVisualStudioVersion = 10.0.40219.1
Project("{FAE04EC0-301F-11D3-BF4B-00C04F79EFBC}") = "MVC_WebApp", "MVC_WebApp.csproj", "{76E36C1C-8083-44DE-99D0-6FDC613F3ED8}"
EndProject
Global
	GlobalSection(SolutionConfigurationPlatforms) = preSolution
		Debug|Any CPU = Debug|Any CPU
		Release|Any CPU = Release|Any CPU
	EndGlobalSection
	GlobalSection(ProjectConfigurationPlatforms) = postSolution
		{76E36C1C-8083-44DE-99D0-6FDC613F3ED8}.Debug|Any CPU.ActiveCfg = Debug|Any CPU
		{76E36C1C-8083-44DE-99D0-6FDC613F3ED8}.Debug|Any CPU.Build.0 = Debug|Any CPU
		{76E36C1C-8083-44DE-99D0-6FDC613F3ED8}.Release|Any CPU.ActiveCfg = Release|Any CPU
		{76E36C1C-8083-44DE-99D0-6FDC613F3ED8}.Release|Any CPU.Build.0 = Release|Any CPU
	EndGlobalSection
	GlobalSection(SolutionProperties) = preSolution
		HideSolutionNode = FALSE
	EndGlobalSection
	GlobalSection(ExtensibilityGlobals) = postSolution
		SolutionGuid = {EBB5E0F1-07EF-4C7A-A921-B6A4DBE4068E}
	EndGlobalSection
EndGlobal
