
Microsoft Visual Studio Solution File, Format Version 12.00
# Visual Studio Version 17
VisualStudioVersion = 17.2.32630.192
MinimumVisualStudioVersion = 10.0.40219.1
Project("{FAE04EC0-301F-11D3-BF4B-00C04F79EFBC}") = "WebPizzeria", "WebPizzeria.csproj", "{66903CE7-2B0D-4768-AF66-DFA8BACA4CD8}"
EndProject
Global
	GlobalSection(SolutionConfigurationPlatforms) = preSolution
		Debug|Any CPU = Debug|Any CPU
		Release|Any CPU = Release|Any CPU
	EndGlobalSection
	GlobalSection(ProjectConfigurationPlatforms) = postSolution
		{66903CE7-2B0D-4768-AF66-DFA8BACA4CD8}.Debug|Any CPU.ActiveCfg = Debug|Any CPU
		{66903CE7-2B0D-4768-AF66-DFA8BACA4CD8}.Debug|Any CPU.Build.0 = Debug|Any CPU
		{66903CE7-2B0D-4768-AF66-DFA8BACA4CD8}.Release|Any CPU.ActiveCfg = Release|Any CPU
		{66903CE7-2B0D-4768-AF66-DFA8BACA4CD8}.Release|Any CPU.Build.0 = Release|Any CPU
	EndGlobalSection
	GlobalSection(SolutionProperties) = preSolution
		HideSolutionNode = FALSE
	EndGlobalSection
	GlobalSection(ExtensibilityGlobals) = postSolution
		SolutionGuid = {09E7CB23-4376-4D35-8D3E-B93E4B6329E8}
	EndGlobalSection
EndGlobal
